
Microsoft Visual Studio Solution File, Format Version 12.00
# Visual Studio Version 16
VisualStudioVersion = 16.0.31702.278
MinimumVisualStudioVersion = 10.0.40219.1
Project("{9A19103F-16F7-4668-BE54-9A1E7A4F7556}") = "Api", "API\Api.csproj", "{0A8752F4-A02B-4FEB-87BF-1FE91D58B0F1}"
EndProject
Project("{FAE04EC0-301F-11D3-BF4B-00C04F79EFBC}") = "Business", "Business\Business.csproj", "{18D31F24-B100-42B2-B6C1-FED28C966873}"
EndProject
Project("{FAE04EC0-301F-11D3-BF4B-00C04F79EFBC}") = "Data", "Data\Data.csproj", "{7BDF93E5-E537-49BB-8AEF-6D3569A1DE1B}"
EndProject
Global
	GlobalSection(SolutionConfigurationPlatforms) = preSolution
		Debug|Any CPU = Debug|Any CPU
		Release|Any CPU = Release|Any CPU
	EndGlobalSection
	GlobalSection(ProjectConfigurationPlatforms) = postSolution
		{0A8752F4-A02B-4FEB-87BF-1FE91D58B0F1}.Debug|Any CPU.ActiveCfg = Debug|Any CPU
		{0A8752F4-A02B-4FEB-87BF-1FE91D58B0F1}.Debug|Any CPU.Build.0 = Debug|Any CPU
		{0A8752F4-A02B-4FEB-87BF-1FE91D58B0F1}.Release|Any CPU.ActiveCfg = Release|Any CPU
		{0A8752F4-A02B-4FEB-87BF-1FE91D58B0F1}.Release|Any CPU.Build.0 = Release|Any CPU
		{18D31F24-B100-42B2-B6C1-FED28C966873}.Debug|Any CPU.ActiveCfg = Debug|Any CPU
		{18D31F24-B100-42B2-B6C1-FED28C966873}.Debug|Any CPU.Build.0 = Debug|Any CPU
		{18D31F24-B100-42B2-B6C1-FED28C966873}.Release|Any CPU.ActiveCfg = Release|Any CPU
		{18D31F24-B100-42B2-B6C1-FED28C966873}.Release|Any CPU.Build.0 = Release|Any CPU
		{7BDF93E5-E537-49BB-8AEF-6D3569A1DE1B}.Debug|Any CPU.ActiveCfg = Debug|Any CPU
		{7BDF93E5-E537-49BB-8AEF-6D3569A1DE1B}.Debug|Any CPU.Build.0 = Debug|Any CPU
		{7BDF93E5-E537-49BB-8AEF-6D3569A1DE1B}.Release|Any CPU.ActiveCfg = Release|Any CPU
		{7BDF93E5-E537-49BB-8AEF-6D3569A1DE1B}.Release|Any CPU.Build.0 = Release|Any CPU
	EndGlobalSection
	GlobalSection(SolutionProperties) = preSolution
		HideSolutionNode = FALSE
	EndGlobalSection
	GlobalSection(ExtensibilityGlobals) = postSolution
		SolutionGuid = {56F4EAA1-4A45-4729-ACC5-2E0239D0D6D3}
	EndGlobalSection
EndGlobal
